
Microsoft Visual Studio Solution File, Format Version 11.00
# Visual C# Express 2010
Project("{FAE04EC0-301F-11D3-BF4B-00C04F79EFBC}") = "ColorMapTest", "ColorMapTest\ColorMapTest.csproj", "{8B0C4771-6B08-4545-9DC1-31CC5E2C131B}"
EndProject
Project("{FAE04EC0-301F-11D3-BF4B-00C04F79EFBC}") = "ColorMap", "ColorMap\ColorMap.csproj", "{CA82A741-C540-4834-BAD2-26E63E497B1E}"
EndProject
Global
	GlobalSection(SolutionConfigurationPlatforms) = preSolution
		Debug|Any CPU = Debug|Any CPU
		Debug|Mixed Platforms = Debug|Mixed Platforms
		Debug|x86 = Debug|x86
		Release|Any CPU = Release|Any CPU
		Release|Mixed Platforms = Release|Mixed Platforms
		Release|x86 = Release|x86
	EndGlobalSection
	GlobalSection(ProjectConfigurationPlatforms) = postSolution
		{8B0C4771-6B08-4545-9DC1-31CC5E2C131B}.Debug|Any CPU.ActiveCfg = Debug|x86
		{8B0C4771-6B08-4545-9DC1-31CC5E2C131B}.Debug|Mixed Platforms.ActiveCfg = Debug|x86
		{8B0C4771-6B08-4545-9DC1-31CC5E2C131B}.Debug|Mixed Platforms.Build.0 = Debug|x86
		{8B0C4771-6B08-4545-9DC1-31CC5E2C131B}.Debug|x86.ActiveCfg = Debug|x86
		{8B0C4771-6B08-4545-9DC1-31CC5E2C131B}.Debug|x86.Build.0 = Debug|x86
		{8B0C4771-6B08-4545-9DC1-31CC5E2C131B}.Release|Any CPU.ActiveCfg = Release|x86
		{8B0C4771-6B08-4545-9DC1-31CC5E2C131B}.Release|Mixed Platforms.ActiveCfg = Release|x86
		{8B0C4771-6B08-4545-9DC1-31CC5E2C131B}.Release|Mixed Platforms.Build.0 = Release|x86
		{8B0C4771-6B08-4545-9DC1-31CC5E2C131B}.Release|x86.ActiveCfg = Release|x86
		{8B0C4771-6B08-4545-9DC1-31CC5E2C131B}.Release|x86.Build.0 = Release|x86
		{CA82A741-C540-4834-BAD2-26E63E497B1E}.Debug|Any CPU.ActiveCfg = Debug|Any CPU
		{CA82A741-C540-4834-BAD2-26E63E497B1E}.Debug|Any CPU.Build.0 = Debug|Any CPU
		{CA82A741-C540-4834-BAD2-26E63E497B1E}.Debug|Mixed Platforms.ActiveCfg = Debug|Any CPU
		{CA82A741-C540-4834-BAD2-26E63E497B1E}.Debug|Mixed Platforms.Build.0 = Debug|Any CPU
		{CA82A741-C540-4834-BAD2-26E63E497B1E}.Debug|x86.ActiveCfg = Debug|Any CPU
		{CA82A741-C540-4834-BAD2-26E63E497B1E}.Release|Any CPU.ActiveCfg = Release|Any CPU
		{CA82A741-C540-4834-BAD2-26E63E497B1E}.Release|Any CPU.Build.0 = Release|Any CPU
		{CA82A741-C540-4834-BAD2-26E63E497B1E}.Release|Mixed Platforms.ActiveCfg = Release|Any CPU
		{CA82A741-C540-4834-BAD2-26E63E497B1E}.Release|Mixed Platforms.Build.0 = Release|Any CPU
		{CA82A741-C540-4834-BAD2-26E63E497B1E}.Release|x86.ActiveCfg = Release|Any CPU
	EndGlobalSection
	GlobalSection(SolutionProperties) = preSolution
		HideSolutionNode = FALSE
	EndGlobalSection
EndGlobal
